
Microsoft Visual Studio Solution File, Format Version 12.00
# Visual Studio Version 17
VisualStudioVersion = 17.14.37012.4 d17.14
MinimumVisualStudioVersion = 10.0.40219.1
Project("{FAE04EC0-301F-11D3-BF4B-00C04F79EFBC}") = "SportEquipmentProject", "SportEquipmentProject\SportEquipmentProject.csproj", "{46FEE8FF-8FE1-4774-B1DE-C649CB6F2FE2}"
EndProject
Global
	GlobalSection(SolutionConfigurationPlatforms) = preSolution
		Debug|Any CPU = Debug|Any CPU
		Release|Any CPU = Release|Any CPU
	EndGlobalSection
	GlobalSection(ProjectConfigurationPlatforms) = postSolution
		{46FEE8FF-8FE1-4774-B1DE-C649CB6F2FE2}.Debug|Any CPU.ActiveCfg = Debug|Any CPU
		{46FEE8FF-8FE1-4774-B1DE-C649CB6F2FE2}.Debug|Any CPU.Build.0 = Debug|Any CPU
		{46FEE8FF-8FE1-4774-B1DE-C649CB6F2FE2}.Release|Any CPU.ActiveCfg = Release|Any CPU
		{46FEE8FF-8FE1-4774-B1DE-C649CB6F2FE2}.Release|Any CPU.Build.0 = Release|Any CPU
	EndGlobalSection
	GlobalSection(SolutionProperties) = preSolution
		HideSolutionNode = FALSE
	EndGlobalSection
	GlobalSection(ExtensibilityGlobals) = postSolution
		SolutionGuid = {601CDF57-1EC5-4D42-8774-A3B2A6BB93E2}
	EndGlobalSection
EndGlobal
